
Microsoft Visual Studio Solution File, Format Version 12.00
# Visual Studio Version 17
VisualStudioVersion = 17.14.36603.0
MinimumVisualStudioVersion = 10.0.40219.1
Project("{FAE04EC0-301F-11D3-BF4B-00C04F79EFBC}") = "CRUD_web_from", "CRUD_web_from.csproj", "{31CC447B-FD35-4293-883F-CBE511693846}"
EndProject
Project("{FAE04EC0-301F-11D3-BF4B-00C04F79EFBC}") = "Modelo", "..\Modelo\Modelo.csproj", "{06E36F88-7FA5-4C48-AB9C-F21FBD45F64E}"
EndProject
Global
	GlobalSection(SolutionConfigurationPlatforms) = preSolution
		Debug|Any CPU = Debug|Any CPU
		Release|Any CPU = Release|Any CPU
	EndGlobalSection
	GlobalSection(ProjectConfigurationPlatforms) = postSolution
		{31CC447B-FD35-4293-883F-CBE511693846}.Debug|Any CPU.ActiveCfg = Debug|Any CPU
		{31CC447B-FD35-4293-883F-CBE511693846}.Debug|Any CPU.Build.0 = Debug|Any CPU
		{31CC447B-FD35-4293-883F-CBE511693846}.Release|Any CPU.ActiveCfg = Release|Any CPU
		{31CC447B-FD35-4293-883F-CBE511693846}.Release|Any CPU.Build.0 = Release|Any CPU
		{06E36F88-7FA5-4C48-AB9C-F21FBD45F64E}.Debug|Any CPU.ActiveCfg = Debug|Any CPU
		{06E36F88-7FA5-4C48-AB9C-F21FBD45F64E}.Debug|Any CPU.Build.0 = Debug|Any CPU
		{06E36F88-7FA5-4C48-AB9C-F21FBD45F64E}.Release|Any CPU.ActiveCfg = Release|Any CPU
		{06E36F88-7FA5-4C48-AB9C-F21FBD45F64E}.Release|Any CPU.Build.0 = Release|Any CPU
	EndGlobalSection
	GlobalSection(SolutionProperties) = preSolution
		HideSolutionNode = FALSE
	EndGlobalSection
	GlobalSection(ExtensibilityGlobals) = postSolution
		SolutionGuid = {388FF246-F3FB-4E72-A05D-3E0C83E139C2}
	EndGlobalSection
EndGlobal
